
Microsoft Visual Studio Solution File, Format Version 12.00
# Visual Studio Version 16
VisualStudioVersion = 16.0.30104.148
MinimumVisualStudioVersion = 10.0.40219.1
Project("{FAE04EC0-301F-11D3-BF4B-00C04F79EFBC}") = "xadrez-console", "xadrez-console\xadrez-console.csproj", "{F21047AE-719E-4A4F-9196-557B262A2511}"
EndProject
Global
	GlobalSection(SolutionConfigurationPlatforms) = preSolution
		Debug|Any CPU = Debug|Any CPU
		Release|Any CPU = Release|Any CPU
	EndGlobalSection
	GlobalSection(ProjectConfigurationPlatforms) = postSolution
		{F21047AE-719E-4A4F-9196-557B262A2511}.Debug|Any CPU.ActiveCfg = Debug|Any CPU
		{F21047AE-719E-4A4F-9196-557B262A2511}.Debug|Any CPU.Build.0 = Debug|Any CPU
		{F21047AE-719E-4A4F-9196-557B262A2511}.Release|Any CPU.ActiveCfg = Release|Any CPU
		{F21047AE-719E-4A4F-9196-557B262A2511}.Release|Any CPU.Build.0 = Release|Any CPU
	EndGlobalSection
	GlobalSection(SolutionProperties) = preSolution
		HideSolutionNode = FALSE
	EndGlobalSection
	GlobalSection(ExtensibilityGlobals) = postSolution
		SolutionGuid = {9CD810D3-F268-4677-A07A-41CE43615D61}
	EndGlobalSection
EndGlobal
